
Microsoft Visual Studio Solution File, Format Version 12.00
# Visual Studio 14
VisualStudioVersion = 14.0.25420.1
MinimumVisualStudioVersion = 10.0.40219.1
Project("{FAE04EC0-301F-11D3-BF4B-00C04F79EFBC}") = "ConsoleApplication", "ConsoleApplication\ConsoleApplication.csproj", "{D6F037E1-F160-4051-AA9E-FEA59295F418}"
EndProject
Project("{FAE04EC0-301F-11D3-BF4B-00C04F79EFBC}") = "Entities", "Entities\Entities.csproj", "{89852EDD-CA14-415F-A505-B21F12E8DC61}"
EndProject
Project("{FAE04EC0-301F-11D3-BF4B-00C04F79EFBC}") = "UnitTestProject", "UnitTestProject\UnitTestProject.csproj", "{3593C0D7-4EE7-4571-852B-C8DEAB4B306F}"
EndProject
Project("{FAE04EC0-301F-11D3-BF4B-00C04F79EFBC}") = "BusinessLayer", "BusinessLayer\BusinessLayer.csproj", "{8FADD8B6-9379-438A-9984-76789A77C665}"
EndProject
Global
	GlobalSection(SolutionConfigurationPlatforms) = preSolution
		Debug|Any CPU = Debug|Any CPU
		Release|Any CPU = Release|Any CPU
	EndGlobalSection
	GlobalSection(ProjectConfigurationPlatforms) = postSolution
		{D6F037E1-F160-4051-AA9E-FEA59295F418}.Debug|Any CPU.ActiveCfg = Debug|Any CPU
		{D6F037E1-F160-4051-AA9E-FEA59295F418}.Debug|Any CPU.Build.0 = Debug|Any CPU
		{D6F037E1-F160-4051-AA9E-FEA59295F418}.Release|Any CPU.ActiveCfg = Release|Any CPU
		{D6F037E1-F160-4051-AA9E-FEA59295F418}.Release|Any CPU.Build.0 = Release|Any CPU
		{89852EDD-CA14-415F-A505-B21F12E8DC61}.Debug|Any CPU.ActiveCfg = Debug|Any CPU
		{89852EDD-CA14-415F-A505-B21F12E8DC61}.Debug|Any CPU.Build.0 = Debug|Any CPU
		{89852EDD-CA14-415F-A505-B21F12E8DC61}.Release|Any CPU.ActiveCfg = Release|Any CPU
		{89852EDD-CA14-415F-A505-B21F12E8DC61}.Release|Any CPU.Build.0 = Release|Any CPU
		{3593C0D7-4EE7-4571-852B-C8DEAB4B306F}.Debug|Any CPU.ActiveCfg = Debug|Any CPU
		{3593C0D7-4EE7-4571-852B-C8DEAB4B306F}.Debug|Any CPU.Build.0 = Debug|Any CPU
		{3593C0D7-4EE7-4571-852B-C8DEAB4B306F}.Release|Any CPU.ActiveCfg = Release|Any CPU
		{3593C0D7-4EE7-4571-852B-C8DEAB4B306F}.Release|Any CPU.Build.0 = Release|Any CPU
		{8FADD8B6-9379-438A-9984-76789A77C665}.Debug|Any CPU.ActiveCfg = Debug|Any CPU
		{8FADD8B6-9379-438A-9984-76789A77C665}.Debug|Any CPU.Build.0 = Debug|Any CPU
		{8FADD8B6-9379-438A-9984-76789A77C665}.Release|Any CPU.ActiveCfg = Release|Any CPU
		{8FADD8B6-9379-438A-9984-76789A77C665}.Release|Any CPU.Build.0 = Release|Any CPU
	EndGlobalSection
	GlobalSection(SolutionProperties) = preSolution
		HideSolutionNode = FALSE
	EndGlobalSection
EndGlobal
